<?xml version="1.0" encoding="utf-8"?>
<Project ToolsVersion="4.0" xmlns="http://schemas.microsoft.com/developer/msbuild/2003">
  <ItemGroup>
    <Filter Include="소스 파일">
      <UniqueIdentifier>{4FC737F1-C7A5-4376-A066-2A32D752A2FF}</UniqueIdentifier>
      <Extensions>cpp;c;cc;cxx;c++;cppm;ixx;def;odl;idl;hpj;bat;asm;asmx</Extensions>
    </Filter>
    <Filter Include="리소스 파일">
      <UniqueIdentifier>{67DA6AB6-F800-4c08-8B7A-83BB121AAD01}</UniqueIdentifier>
      <Extensions>rc;ico;cur;bmp;dlg;rc2;rct;bin;rgs;gif;jpg;jpeg;jpe;resx;tiff;tif;png;wav;mfcribbon-ms</Extensions>
    </Filter>
    <Filter Include="소스 파일\Utils">
      <UniqueIdentifier>{393b4d2a-b788-40cc-8b39-e46c2680acd8}</UniqueIdentifier>
    </Filter>
    <Filter Include="소스 파일\Math">
      <UniqueIdentifier>{6ebafbc6-20fe-4fed-9156-8a70298816d5}</UniqueIdentifier>
    </Filter>
    <Filter Include="소스 파일\Object">
      <UniqueIdentifier>{60bf6d57-7a90-416d-9006-f2bee9f7bac3}</UniqueIdentifier>
    </Filter>
    <Filter Include="소스 파일\Graphics">
      <UniqueIdentifier>{3cd53999-02b8-4163-a0a1-ca0dac0a8d1d}</UniqueIdentifier>
    </Filter>
    <Filter Include="소스 파일\Graphics\Shader">
      <UniqueIdentifier>{43bbc82e-2018-41fd-ba0c-9c3073f09a51}</UniqueIdentifier>
    </Filter>
    <Filter Include="소스 파일\Graphics\Shader\GLSL">
      <UniqueIdentifier>{ba7565ae-7402-4369-b27b-8fd9258dc5ec}</UniqueIdentifier>
    </Filter>
    <Filter Include="소스 파일\Graphics\Renderer">
      <UniqueIdentifier>{d2d6b045-d2bf-4015-b8e9-e701f93d9ca2}</UniqueIdentifier>
    </Filter>
  </ItemGroup>
  <ItemGroup>
    <ClCompile Include="GameEngine.cpp">
      <Filter>소스 파일</Filter>
    </ClCompile>
    <ClCompile Include="Vec3.cpp">
      <Filter>소스 파일\Math</Filter>
    </ClCompile>
    <ClCompile Include="Shader.cpp">
      <Filter>소스 파일\Graphics\Shader</Filter>
    </ClCompile>
    <ClCompile Include="Mat4.cpp">
      <Filter>소스 파일\Math</Filter>
    </ClCompile>
    <ClCompile Include="VertexArray.cpp">
      <Filter>소스 파일\Graphics</Filter>
    </ClCompile>
    <ClCompile Include="glad.c">
      <Filter>소스 파일</Filter>
    </ClCompile>
    <ClCompile Include="Texture.cpp">
      <Filter>소스 파일\Graphics</Filter>
    </ClCompile>
    <ClCompile Include="Vec4.cpp">
      <Filter>소스 파일\Math</Filter>
    </ClCompile>
    <ClCompile Include="Quat.cpp">
      <Filter>소스 파일\Math</Filter>
    </ClCompile>
    <ClCompile Include="Transform.cpp">
      <Filter>소스 파일\Math</Filter>
    </ClCompile>
    <ClCompile Include="Camera.cpp">
      <Filter>소스 파일\Object</Filter>
    </ClCompile>
    <ClCompile Include="MeshRenderer.cpp">
      <Filter>소스 파일\Graphics\Renderer</Filter>
    </ClCompile>
    <ClCompile Include="Input.cpp">
      <Filter>소스 파일</Filter>
    </ClCompile>
    <ClCompile Include="Mesh.cpp">
      <Filter>소스 파일\Graphics</Filter>
    </ClCompile>
    <ClCompile Include="main.cpp">
      <Filter>소스 파일</Filter>
    </ClCompile>
    <ClCompile Include="Chunk.cpp">
      <Filter>소스 파일\Object</Filter>
    </ClCompile>
  </ItemGroup>
  <ItemGroup>
    <ClInclude Include="GameEngine.h">
      <Filter>소스 파일</Filter>
    </ClInclude>
    <ClInclude Include="Vec3.h">
      <Filter>소스 파일\Math</Filter>
    </ClInclude>
    <ClInclude Include="Shader.h">
      <Filter>소스 파일\Graphics\Shader</Filter>
    </ClInclude>
    <ClInclude Include="Mat4.h">
      <Filter>소스 파일\Math</Filter>
    </ClInclude>
    <ClInclude Include="VertexArray.h">
      <Filter>소스 파일\Graphics</Filter>
    </ClInclude>
    <ClInclude Include="Texture.h">
      <Filter>소스 파일\Graphics</Filter>
    </ClInclude>
    <ClInclude Include="Vec4.h">
      <Filter>소스 파일\Math</Filter>
    </ClInclude>
    <ClInclude Include="Enums.h">
      <Filter>소스 파일\Utils</Filter>
    </ClInclude>
    <ClInclude Include="Quat.h">
      <Filter>소스 파일\Math</Filter>
    </ClInclude>
    <ClInclude Include="Structs.h">
      <Filter>소스 파일\Utils</Filter>
    </ClInclude>
    <ClInclude Include="Transform.h">
      <Filter>소스 파일\Math</Filter>
    </ClInclude>
    <ClInclude Include="Camera.h">
      <Filter>소스 파일\Object</Filter>
    </ClInclude>
    <ClInclude Include="MeshRenderer.h">
      <Filter>소스 파일\Graphics\Renderer</Filter>
    </ClInclude>
    <ClInclude Include="Input.h">
      <Filter>소스 파일</Filter>
    </ClInclude>
    <ClInclude Include="Mesh.h">
      <Filter>소스 파일\Graphics</Filter>
    </ClInclude>
    <ClInclude Include="PerlinNoise.h">
      <Filter>소스 파일</Filter>
    </ClInclude>
    <ClInclude Include="Chunk.h">
      <Filter>소스 파일\Object</Filter>
    </ClInclude>
  </ItemGroup>
  <ItemGroup>
    <None Include="Shader\Mesh.fs">
      <Filter>소스 파일\Graphics\Shader\GLSL</Filter>
    </None>
    <None Include="Shader\Mesh.vs">
      <Filter>소스 파일\Graphics\Shader\GLSL</Filter>
    </None>
    <None Include="config.json">
      <Filter>소스 파일</Filter>
    </None>
  </ItemGroup>
</Project>